<Solution>
  <Configurations>
    <Platform Name="Any CPU" />
    <Platform Name="x64" />
    <Platform Name="x86" />
  </Configurations>
  <Project Path="LinkedHeap/LinkedHeap.csproj" />
  <Project Path="LinkedHeap.Tests/LinkedHeap.Tests.csproj" />
  <Project Path="LinkedHeap.Demo/LinkedHeap.Demo.csproj" />
</Solution>
